// !$*UTF8*$!
{
	archiveVersion = 1;
	classes = {
	};
	objectVersion = 56;
	objects = {

/* Begin PBXBuildFile section */
		E275747F2A315FA000ED059F /* SwiftendApp.swift in Sources */ = {isa = PBXBuildFile; fileRef = E275747E2A315FA000ED059F /* SwiftendApp.swift */; };
		E27574812A315FA000ED059F /* ContentView.swift in Sources */ = {isa = PBXBuildFile; fileRef = E27574802A315FA000ED059F /* ContentView.swift */; };
		E27574832A315FA200ED059F /* Assets.xcassets in Resources */ = {isa = PBXBuildFile; fileRef = E27574822A315FA200ED059F /* Assets.xcassets */; };
		E27574862A315FA200ED059F /* Preview Assets.xcassets in Resources */ = {isa = PBXBuildFile; fileRef = E27574852A315FA200ED059F /* Preview Assets.xcassets */; };
		E27574882A315FA200ED059F /* Persistence.swift in Sources */ = {isa = PBXBuildFile; fileRef = E27574872A315FA200ED059F /* Persistence.swift */; };
		E275748B2A315FA200ED059F /* Swiftend.xcdatamodeld in Sources */ = {isa = PBXBuildFile; fileRef = E27574892A315FA200ED059F /* Swiftend.xcdatamodeld */; };
		E27574942A32490700ED059F /* CalculatorView.swift in Sources */ = {isa = PBXBuildFile; fileRef = E27574932A32490700ED059F /* CalculatorView.swift */; };
		E2CACC992A3E2290009EB5E9 /* CalculatorButtonView.swift in Sources */ = {isa = PBXBuildFile; fileRef = E2CACC982A3E2290009EB5E9 /* CalculatorButtonView.swift */; };
		E2CACC9B2A3E2753009EB5E9 /* Constants.swift in Sources */ = {isa = PBXBuildFile; fileRef = E2CACC9A2A3E2753009EB5E9 /* Constants.swift */; };
		E2CACC9D2A3E2BA6009EB5E9 /* CalculatorStateModel.swift in Sources */ = {isa = PBXBuildFile; fileRef = E2CACC9C2A3E2BA6009EB5E9 /* CalculatorStateModel.swift */; };
/* End PBXBuildFile section */

/* Begin PBXFileReference section */
		E275747B2A315FA000ED059F /* Swiftend.app */ = {isa = PBXFileReference; explicitFileType = wrapper.application; includeInIndex = 0; path = Swiftend.app; sourceTree = BUILT_PRODUCTS_DIR; };
		E275747E2A315FA000ED059F /* SwiftendApp.swift */ = {isa = PBXFileReference; lastKnownFileType = sourcecode.swift; path = SwiftendApp.swift; sourceTree = "<group>"; };
		E27574802A315FA000ED059F /* ContentView.swift */ = {isa = PBXFileReference; lastKnownFileType = sourcecode.swift; path = ContentView.swift; sourceTree = "<group>"; };
		E27574822A315FA200ED059F /* Assets.xcassets */ = {isa = PBXFileReference; lastKnownFileType = folder.assetcatalog; path = Assets.xcassets; sourceTree = "<group>"; };
		E27574852A315FA200ED059F /* Preview Assets.xcassets */ = {isa = PBXFileReference; lastKnownFileType = folder.assetcatalog; path = "Preview Assets.xcassets"; sourceTree = "<group>"; };
		E27574872A315FA200ED059F /* Persistence.swift */ = {isa = PBXFileReference; lastKnownFileType = sourcecode.swift; path = Persistence.swift; sourceTree = "<group>"; };
		E275748A2A315FA200ED059F /* Swiftend.xcdatamodel */ = {isa = PBXFileReference; lastKnownFileType = wrapper.xcdatamodel; path = Swiftend.xcdatamodel; sourceTree = "<group>"; };
		E27574932A32490700ED059F /* CalculatorView.swift */ = {isa = PBXFileReference; lastKnownFileType = sourcecode.swift; path = CalculatorView.swift; sourceTree = "<group>"; };
		E2CACC982A3E2290009EB5E9 /* CalculatorButtonView.swift */ = {isa = PBXFileReference; lastKnownFileType = sourcecode.swift; path = CalculatorButtonView.swift; sourceTree = "<group>"; };
		E2CACC9A2A3E2753009EB5E9 /* Constants.swift */ = {isa = PBXFileReference; lastKnownFileType = sourcecode.swift; path = Constants.swift; sourceTree = "<group>"; };
		E2CACC9C2A3E2BA6009EB5E9 /* CalculatorStateModel.swift */ = {isa = PBXFileReference; lastKnownFileType = sourcecode.swift; path = CalculatorStateModel.swift; sourceTree = "<group>"; };
/* End PBXFileReference section */

/* Begin PBXFrameworksBuildPhase section */
		E27574782A315FA000ED059F /* Frameworks */ = {
			isa = PBXFrameworksBuildPhase;
			buildActionMask = 2147483647;
			files = (
			);
			runOnlyForDeploymentPostprocessing = 0;
		};
/* End PBXFrameworksBuildPhase section */

/* Begin PBXGroup section */
		E27574722A315FA000ED059F = {
			isa = PBXGroup;
			children = (
				E275747D2A315FA000ED059F /* Swiftend */,
				E275747C2A315FA000ED059F /* Products */,
			);
			sourceTree = "<group>";
		};
		E275747C2A315FA000ED059F /* Products */ = {
			isa = PBXGroup;
			children = (
				E275747B2A315FA000ED059F /* Swiftend.app */,
			);
			name = Products;
			sourceTree = "<group>";
		};
		E275747D2A315FA000ED059F /* Swiftend */ = {
			isa = PBXGroup;
			children = (
				E2CACC9E2A3E2C15009EB5E9 /* Projects */,
				E275747E2A315FA000ED059F /* SwiftendApp.swift */,
				E27574802A315FA000ED059F /* ContentView.swift */,
				E27574822A315FA200ED059F /* Assets.xcassets */,
				E27574872A315FA200ED059F /* Persistence.swift */,
				E27574892A315FA200ED059F /* Swiftend.xcdatamodeld */,
				E27574842A315FA200ED059F /* Preview Content */,
			);
			path = Swiftend;
			sourceTree = "<group>";
		};
		E27574842A315FA200ED059F /* Preview Content */ = {
			isa = PBXGroup;
			children = (
				E27574852A315FA200ED059F /* Preview Assets.xcassets */,
			);
			path = "Preview Content";
			sourceTree = "<group>";
		};
		E2CACC962A3E2250009EB5E9 /* Calculator */ = {
			isa = PBXGroup;
			children = (
				E27574932A32490700ED059F /* CalculatorView.swift */,
				E2CACC982A3E2290009EB5E9 /* CalculatorButtonView.swift */,
				E2CACC9A2A3E2753009EB5E9 /* Constants.swift */,
				E2CACC9C2A3E2BA6009EB5E9 /* CalculatorStateModel.swift */,
			);
			path = Calculator;
			sourceTree = "<group>";
		};
		E2CACC9E2A3E2C15009EB5E9 /* Projects */ = {
			isa = PBXGroup;
			children = (
				E2CACC962A3E2250009EB5E9 /* Calculator */,
			);
			path = Projects;
			sourceTree = "<group>";
		};
/* End PBXGroup section */

/* Begin PBXNativeTarget section */
		E275747A2A315FA000ED059F /* Swiftend */ = {
			isa = PBXNativeTarget;
			buildConfigurationList = E275748E2A315FA200ED059F /* Build configuration list for PBXNativeTarget "Swiftend" */;
			buildPhases = (
				E27574772A315FA000ED059F /* Sources */,
				E27574782A315FA000ED059F /* Frameworks */,
				E27574792A315FA000ED059F /* Resources */,
			);
			buildRules = (
			);
			dependencies = (
			);
			name = Swiftend;
			productName = Swiftend;
			productReference = E275747B2A315FA000ED059F /* Swiftend.app */;
			productType = "com.apple.product-type.application";
		};
/* End PBXNativeTarget section */

/* Begin PBXProject section */
		E27574732A315FA000ED059F /* Project object */ = {
			isa = PBXProject;
			attributes = {
				BuildIndependentTargetsInParallel = 1;
				LastSwiftUpdateCheck = 1430;
				LastUpgradeCheck = 1430;
				TargetAttributes = {
					E275747A2A315FA000ED059F = {
						CreatedOnToolsVersion = 14.3.1;
					};
				};
			};
			buildConfigurationList = E27574762A315FA000ED059F /* Build configuration list for PBXProject "Swiftend" */;
			compatibilityVersion = "Xcode 14.0";
			developmentRegion = en;
			hasScannedForEncodings = 0;
			knownRegions = (
				en,
				Base,
			);
			mainGroup = E27574722A315FA000ED059F;
			productRefGroup = E275747C2A315FA000ED059F /* Products */;
			projectDirPath = "";
			projectRoot = "";
			targets = (
				E275747A2A315FA000ED059F /* Swiftend */,
			);
		};
/* End PBXProject section */

/* Begin PBXResourcesBuildPhase section */
		E27574792A315FA000ED059F /* Resources */ = {
			isa = PBXResourcesBuildPhase;
			buildActionMask = 2147483647;
			files = (
				E27574862A315FA200ED059F /* Preview Assets.xcassets in Resources */,
				E27574832A315FA200ED059F /* Assets.xcassets in Resources */,
			);
			runOnlyForDeploymentPostprocessing = 0;
		};
/* End PBXResourcesBuildPhase section */

/* Begin PBXSourcesBuildPhase section */
		E27574772A315FA000ED059F /* Sources */ = {
			isa = PBXSourcesBuildPhase;
			buildActionMask = 2147483647;
			files = (
				E27574882A315FA200ED059F /* Persistence.swift in Sources */,
				E27574942A32490700ED059F /* CalculatorView.swift in Sources */,
				E275748B2A315FA200ED059F /* Swiftend.xcdatamodeld in Sources */,
				E2CACC9D2A3E2BA6009EB5E9 /* CalculatorStateModel.swift in Sources */,
				E27574812A315FA000ED059F /* ContentView.swift in Sources */,
				E2CACC9B2A3E2753009EB5E9 /* Constants.swift in Sources */,
				E2CACC992A3E2290009EB5E9 /* CalculatorButtonView.swift in Sources */,
				E275747F2A315FA000ED059F /* SwiftendApp.swift in Sources */,
			);
			runOnlyForDeploymentPostprocessing = 0;
		};
/* End PBXSourcesBuildPhase section */

/* Begin XCBuildConfiguration section */
		E275748C2A315FA200ED059F /* Debug */ = {
			isa = XCBuildConfiguration;
			buildSettings = {
				ALWAYS_SEARCH_USER_PATHS = NO;
				CLANG_ANALYZER_NONNULL = YES;
				CLANG_ANALYZER_NUMBER_OBJECT_CONVERSION = YES_AGGRESSIVE;
				CLANG_CXX_LANGUAGE_STANDARD = "gnu++20";
				CLANG_ENABLE_MODULES = YES;
				CLANG_ENABLE_OBJC_ARC = YES;
				CLANG_ENABLE_OBJC_WEAK = YES;
				CLANG_WARN_BLOCK_CAPTURE_AUTORELEASING = YES;
				CLANG_WARN_BOOL_CONVERSION = YES;
				CLANG_WARN_COMMA = YES;
				CLANG_WARN_CONSTANT_CONVERSION = YES;
				CLANG_WARN_DEPRECATED_OBJC_IMPLEMENTATIONS = YES;
				CLANG_WARN_DIRECT_OBJC_ISA_USAGE = YES_ERROR;
				CLANG_WARN_DOCUMENTATION_COMMENTS = YES;
				CLANG_WARN_EMPTY_BODY = YES;
				CLANG_WARN_ENUM_CONVERSION = YES;
				CLANG_WARN_INFINITE_RECURSION = YES;
				CLANG_WARN_INT_CONVERSION = YES;
				CLANG_WARN_NON_LITERAL_NULL_CONVERSION = YES;
				CLANG_WARN_OBJC_IMPLICIT_RETAIN_SELF = YES;
				CLANG_WARN_OBJC_LITERAL_CONVERSION = YES;
				CLANG_WARN_OBJC_ROOT_CLASS = YES_ERROR;
				CLANG_WARN_QUOTED_INCLUDE_IN_FRAMEWORK_HEADER = YES;
				CLANG_WARN_RANGE_LOOP_ANALYSIS = YES;
				CLANG_WARN_STRICT_PROTOTYPES = YES;
				CLANG_WARN_SUSPICIOUS_MOVE = YES;
				CLANG_WARN_UNGUARDED_AVAILABILITY = YES_AGGRESSIVE;
				CLANG_WARN_UNREACHABLE_CODE = YES;
				CLANG_WARN__DUPLICATE_METHOD_MATCH = YES;
				COPY_PHASE_STRIP = NO;
				DEBUG_INFORMATION_FORMAT = dwarf;
				ENABLE_STRICT_OBJC_MSGSEND = YES;
				ENABLE_TESTABILITY = YES;
				GCC_C_LANGUAGE_STANDARD = gnu11;
				GCC_DYNAMIC_NO_PIC = NO;
				GCC_NO_COMMON_BLOCKS = YES;
				GCC_OPTIMIZATION_LEVEL = 0;
				GCC_PREPROCESSOR_DEFINITIONS = (
					"DEBUG=1",
					"$(inherited)",
				);
				GCC_WARN_64_TO_32_BIT_CONVERSION = YES;
				GCC_WARN_ABOUT_RETURN_TYPE = YES_ERROR;
				GCC_WARN_UNDECLARED_SELECTOR = YES;
				GCC_WARN_UNINITIALIZED_AUTOS = YES_AGGRESSIVE;
				GCC_WARN_UNUSED_FUNCTION = YES;
				GCC_WARN_UNUSED_VARIABLE = YES;
				IPHONEOS_DEPLOYMENT_TARGET = 16.4;
				MTL_ENABLE_DEBUG_INFO = INCLUDE_SOURCE;
				MTL_FAST_MATH = YES;
				ONLY_ACTIVE_ARCH = YES;
				SDKROOT = iphoneos;
				SWIFT_ACTIVE_COMPILATION_CONDITIONS = DEBUG;
				SWIFT_OPTIMIZATION_LEVEL = "-Onone";
			};
			name = Debug;
		};
		E275748D2A315FA200ED059F /* Release */ = {
			isa = XCBuildConfiguration;
			buildSettings = {
				ALWAYS_SEARCH_USER_PATHS = NO;
				CLANG_ANALYZER_NONNULL = YES;
				CLANG_ANALYZER_NUMBER_OBJECT_CONVERSION = YES_AGGRESSIVE;
				CLANG_CXX_LANGUAGE_STANDARD = "gnu++20";
				CLANG_ENABLE_MODULES = YES;
				CLANG_ENABLE_OBJC_ARC = YES;
				CLANG_ENABLE_OBJC_WEAK = YES;
				CLANG_WARN_BLOCK_CAPTURE_AUTORELEASING = YES;
				CLANG_WARN_BOOL_CONVERSION = YES;
				CLANG_WARN_COMMA = YES;
				CLANG_WARN_CONSTANT_CONVERSION = YES;
				CLANG_WARN_DEPRECATED_OBJC_IMPLEMENTATIONS = YES;
				CLANG_WARN_DIRECT_OBJC_ISA_USAGE = YES_ERROR;
				CLANG_WARN_DOCUMENTATION_COMMENTS = YES;
				CLANG_WARN_EMPTY_BODY = YES;
				CLANG_WARN_ENUM_CONVERSION = YES;
				CLANG_WARN_INFINITE_RECURSION = YES;
				CLANG_WARN_INT_CONVERSION = YES;
				CLANG_WARN_NON_LITERAL_NULL_CONVERSION = YES;
				CLANG_WARN_OBJC_IMPLICIT_RETAIN_SELF = YES;
				CLANG_WARN_OBJC_LITERAL_CONVERSION = YES;
				CLANG_WARN_OBJC_ROOT_CLASS = YES_ERROR;
				CLANG_WARN_QUOTED_INCLUDE_IN_FRAMEWORK_HEADER = YES;
				CLANG_WARN_RANGE_LOOP_ANALYSIS = YES;
				CLANG_WARN_STRICT_PROTOTYPES = YES;
				CLANG_WARN_SUSPICIOUS_MOVE = YES;
				CLANG_WARN_UNGUARDED_AVAILABILITY = YES_AGGRESSIVE;
				CLANG_WARN_UNREACHABLE_CODE = YES;
				CLANG_WARN__DUPLICATE_METHOD_MATCH = YES;
				COPY_PHASE_STRIP = NO;
				DEBUG_INFORMATION_FORMAT = "dwarf-with-dsym";
				ENABLE_NS_ASSERTIONS = NO;
				ENABLE_STRICT_OBJC_MSGSEND = YES;
				GCC_C_LANGUAGE_STANDARD = gnu11;
				GCC_NO_COMMON_BLOCKS = YES;
				GCC_WARN_64_TO_32_BIT_CONVERSION = YES;
				GCC_WARN_ABOUT_RETURN_TYPE = YES_ERROR;
				GCC_WARN_UNDECLARED_SELECTOR = YES;
				GCC_WARN_UNINITIALIZED_AUTOS = YES_AGGRESSIVE;
				GCC_WARN_UNUSED_FUNCTION = YES;
				GCC_WARN_UNUSED_VARIABLE = YES;
				IPHONEOS_DEPLOYMENT_TARGET = 16.4;
				MTL_ENABLE_DEBUG_INFO = NO;
				MTL_FAST_MATH = YES;
				SDKROOT = iphoneos;
				SWIFT_COMPILATION_MODE = wholemodule;
				SWIFT_OPTIMIZATION_LEVEL = "-O";
				VALIDATE_PRODUCT = YES;
			};
			name = Release;
		};
		E275748F2A315FA200ED059F /* Debug */ = {
			isa = XCBuildConfiguration;
			buildSettings = {
				ASSETCATALOG_COMPILER_APPICON_NAME = AppIcon;
				ASSETCATALOG_COMPILER_GLOBAL_ACCENT_COLOR_NAME = AccentColor;
				CODE_SIGN_STYLE = Automatic;
				CURRENT_PROJECT_VERSION = 1;
				DEVELOPMENT_ASSET_PATHS = "\"Swiftend/Preview Content\"";
				DEVELOPMENT_TEAM = Q37WBU54YU;
				ENABLE_PREVIEWS = YES;
				GENERATE_INFOPLIST_FILE = YES;
				INFOPLIST_KEY_UIApplicationSceneManifest_Generation = YES;
				INFOPLIST_KEY_UIApplicationSupportsIndirectInputEvents = YES;
				INFOPLIST_KEY_UILaunchScreen_Generation = YES;
				INFOPLIST_KEY_UISupportedInterfaceOrientations_iPad = "UIInterfaceOrientationPortrait UIInterfaceOrientationPortraitUpsideDown UIInterfaceOrientationLandscapeLeft UIInterfaceOrientationLandscapeRight";
				INFOPLIST_KEY_UISupportedInterfaceOrientations_iPhone = "UIInterfaceOrientationPortrait UIInterfaceOrientationLandscapeLeft UIInterfaceOrientationLandscapeRight";
				LD_RUNPATH_SEARCH_PATHS = (
					"$(inherited)",
					"@executable_path/Frameworks",
				);
				MARKETING_VERSION = 1.0;
				PRODUCT_BUNDLE_IDENTIFIER = com.wytespace.pivot.Swiftend;
				PRODUCT_NAME = "$(TARGET_NAME)";
				SWIFT_EMIT_LOC_STRINGS = YES;
				SWIFT_VERSION = 5.0;
				TARGETED_DEVICE_FAMILY = "1,2";
			};
			name = Debug;
		};
		E27574902A315FA200ED059F /* Release */ = {
			isa = XCBuildConfiguration;
			buildSettings = {
				ASSETCATALOG_COMPILER_APPICON_NAME = AppIcon;
				ASSETCATALOG_COMPILER_GLOBAL_ACCENT_COLOR_NAME = AccentColor;
				CODE_SIGN_STYLE = Automatic;
				CURRENT_PROJECT_VERSION = 1;
				DEVELOPMENT_ASSET_PATHS = "\"Swiftend/Preview Content\"";
				DEVELOPMENT_TEAM = Q37WBU54YU;
				ENABLE_PREVIEWS = YES;
				GENERATE_INFOPLIST_FILE = YES;
				INFOPLIST_KEY_UIApplicationSceneManifest_Generation = YES;
				INFOPLIST_KEY_UIApplicationSupportsIndirectInputEvents = YES;
				INFOPLIST_KEY_UILaunchScreen_Generation = YES;
				INFOPLIST_KEY_UISupportedInterfaceOrientations_iPad = "UIInterfaceOrientationPortrait UIInterfaceOrientationPortraitUpsideDown UIInterfaceOrientationLandscapeLeft UIInterfaceOrientationLandscapeRight";
				INFOPLIST_KEY_UISupportedInterfaceOrientations_iPhone = "UIInterfaceOrientationPortrait UIInterfaceOrientationLandscapeLeft UIInterfaceOrientationLandscapeRight";
				LD_RUNPATH_SEARCH_PATHS = (
					"$(inherited)",
					"@executable_path/Frameworks",
				);
				MARKETING_VERSION = 1.0;
				PRODUCT_BUNDLE_IDENTIFIER = com.wytespace.pivot.Swiftend;
				PRODUCT_NAME = "$(TARGET_NAME)";
				SWIFT_EMIT_LOC_STRINGS = YES;
				SWIFT_VERSION = 5.0;
				TARGETED_DEVICE_FAMILY = "1,2";
			};
			name = Release;
		};
/* End XCBuildConfiguration section */

/* Begin XCConfigurationList section */
		E27574762A315FA000ED059F /* Build configuration list for PBXProject "Swiftend" */ = {
			isa = XCConfigurationList;
			buildConfigurations = (
				E275748C2A315FA200ED059F /* Debug */,
				E275748D2A315FA200ED059F /* Release */,
			);
			defaultConfigurationIsVisible = 0;
			defaultConfigurationName = Release;
		};
		E275748E2A315FA200ED059F /* Build configuration list for PBXNativeTarget "Swiftend" */ = {
			isa = XCConfigurationList;
			buildConfigurations = (
				E275748F2A315FA200ED059F /* Debug */,
				E27574902A315FA200ED059F /* Release */,
			);
			defaultConfigurationIsVisible = 0;
			defaultConfigurationName = Release;
		};
/* End XCConfigurationList section */

/* Begin XCVersionGroup section */
		E27574892A315FA200ED059F /* Swiftend.xcdatamodeld */ = {
			isa = XCVersionGroup;
			children = (
				E275748A2A315FA200ED059F /* Swiftend.xcdatamodel */,
			);
			currentVersion = E275748A2A315FA200ED059F /* Swiftend.xcdatamodel */;
			path = Swiftend.xcdatamodeld;
			sourceTree = "<group>";
			versionGroupType = wrapper.xcdatamodel;
		};
/* End XCVersionGroup section */
	};
	rootObject = E27574732A315FA000ED059F /* Project object */;
}
